
Microsoft Visual Studio Solution File, Format Version 12.00
# Visual Studio Version 17
VisualStudioVersion = 17.10.35013.160
MinimumVisualStudioVersion = 10.0.40219.1
Project("{FAE04EC0-301F-11D3-BF4B-00C04F79EFBC}") = "LearnProject", "LearnProject\LearnProject.csproj", "{6A46003A-0B9E-4331-BABC-1D5308880CC5}"
EndProject
Global
	GlobalSection(SolutionConfigurationPlatforms) = preSolution
		Debug|Any CPU = Debug|Any CPU
		Release|Any CPU = Release|Any CPU
	EndGlobalSection
	GlobalSection(ProjectConfigurationPlatforms) = postSolution
		{6A46003A-0B9E-4331-BABC-1D5308880CC5}.Debug|Any CPU.ActiveCfg = Debug|Any CPU
		{6A46003A-0B9E-4331-BABC-1D5308880CC5}.Debug|Any CPU.Build.0 = Debug|Any CPU
		{6A46003A-0B9E-4331-BABC-1D5308880CC5}.Release|Any CPU.ActiveCfg = Release|Any CPU
		{6A46003A-0B9E-4331-BABC-1D5308880CC5}.Release|Any CPU.Build.0 = Release|Any CPU
	EndGlobalSection
	GlobalSection(SolutionProperties) = preSolution
		HideSolutionNode = FALSE
	EndGlobalSection
	GlobalSection(ExtensibilityGlobals) = postSolution
		SolutionGuid = {74511009-A140-42EA-A296-0E23CEEB6C1A}
	EndGlobalSection
EndGlobal
